{
  "name": "ფინალური",
  "lockfileVersion": 2,
  "requires": true,
  "packages": {
    "": {
      "dependencies": {
        "alk-life": "^1.0.0",
        "arial-geo": "^1.0.0",
        "bpg-dedaena-nonblock": "^1.0.0",
        "bpg-irubaqidze": "^1.0.0",
        "bpg-nuskha-modern": "^1.0.0"
      }
    },
    "node_modules/alk-life": {
      "version": "1.0.0",
      "resolved": "https://registry.npmjs.org/alk-life/-/alk-life-1.0.0.tgz",
      "integrity": "sha512-I+oc/zq2l/UBbHBzxbEGE4dU44BkLKH3+XceOcmQN4C9JG8Yv8M+knwwBGJSI9SAn9AiVZVkX3cBvKRnO56LOw=="
    },
    "node_modules/arial-geo": {
      "version": "1.0.0",
      "resolved": "https://registry.npmjs.org/arial-geo/-/arial-geo-1.0.0.tgz",
      "integrity": "sha512-b6Zj31v2q9pcoaDMBZvxxiVXYrfODu6of3BRDrghRcegT44kO2erY7xWIYZH2O3mVxqMyExoDAnffN7CPtST7Q=="
    },
    "node_modules/bpg-dedaena-nonblock": {
      "version": "1.0.0",
      "resolved": "https://registry.npmjs.org/bpg-dedaena-nonblock/-/bpg-dedaena-nonblock-1.0.0.tgz",
      "integrity": "sha512-hbJ58Q7va5Srscllldj1CEJ8ESvkGTEQwU2p7JnflHI2e0L0vJVZ2ka/wEw7t8MzAQZm6wwrBaBBBJ9biVeU6Q=="
    },
    "node_modules/bpg-irubaqidze": {
      "version": "1.0.0",
      "resolved": "https://registry.npmjs.org/bpg-irubaqidze/-/bpg-irubaqidze-1.0.0.tgz",
      "integrity": "sha512-VO4BUiuAcIRoxCT3SG2LpF4Z6tgv0BNsWpYViiIWtJpcXlcCZM1chMie7MwyO3t67goAXUAYQ4yPBFF4nhT8AQ=="
    },
    "node_modules/bpg-nuskha-modern": {
      "version": "1.0.0",
      "resolved": "https://registry.npmjs.org/bpg-nuskha-modern/-/bpg-nuskha-modern-1.0.0.tgz",
      "integrity": "sha512-FGWmwhpGmYH4qaQEdkg1Ve2epdiCXkAXf0oMaplnTq4P5/wy7pl2pugDwd/ddMaxpUQFjSlNSFLh41OPnV+V5A=="
    }
  },
  "dependencies": {
    "alk-life": {
      "version": "1.0.0",
      "resolved": "https://registry.npmjs.org/alk-life/-/alk-life-1.0.0.tgz",
      "integrity": "sha512-I+oc/zq2l/UBbHBzxbEGE4dU44BkLKH3+XceOcmQN4C9JG8Yv8M+knwwBGJSI9SAn9AiVZVkX3cBvKRnO56LOw=="
    },
    "arial-geo": {
      "version": "1.0.0",
      "resolved": "https://registry.npmjs.org/arial-geo/-/arial-geo-1.0.0.tgz",
      "integrity": "sha512-b6Zj31v2q9pcoaDMBZvxxiVXYrfODu6of3BRDrghRcegT44kO2erY7xWIYZH2O3mVxqMyExoDAnffN7CPtST7Q=="
    },
    "bpg-dedaena-nonblock": {
      "version": "1.0.0",
      "resolved": "https://registry.npmjs.org/bpg-dedaena-nonblock/-/bpg-dedaena-nonblock-1.0.0.tgz",
      "integrity": "sha512-hbJ58Q7va5Srscllldj1CEJ8ESvkGTEQwU2p7JnflHI2e0L0vJVZ2ka/wEw7t8MzAQZm6wwrBaBBBJ9biVeU6Q=="
    },
    "bpg-irubaqidze": {
      "version": "1.0.0",
      "resolved": "https://registry.npmjs.org/bpg-irubaqidze/-/bpg-irubaqidze-1.0.0.tgz",
      "integrity": "sha512-VO4BUiuAcIRoxCT3SG2LpF4Z6tgv0BNsWpYViiIWtJpcXlcCZM1chMie7MwyO3t67goAXUAYQ4yPBFF4nhT8AQ=="
    },
    "bpg-nuskha-modern": {
      "version": "1.0.0",
      "resolved": "https://registry.npmjs.org/bpg-nuskha-modern/-/bpg-nuskha-modern-1.0.0.tgz",
      "integrity": "sha512-FGWmwhpGmYH4qaQEdkg1Ve2epdiCXkAXf0oMaplnTq4P5/wy7pl2pugDwd/ddMaxpUQFjSlNSFLh41OPnV+V5A=="
    }
  }
}
